
Microsoft Visual Studio Solution File, Format Version 12.00
# Visual Studio Version 16
VisualStudioVersion = 16.0.29201.188
MinimumVisualStudioVersion = 10.0.40219.1
Project("{F184B08F-C81C-45F6-A57F-5ABD9991F28F}") = "Mechwarrior", "Mechwarrior.vbproj", "{FF869107-6CD7-4DDF-AD4F-87BD95CC4340}"
EndProject
Global
	GlobalSection(SolutionConfigurationPlatforms) = preSolution
		Debug|Any CPU = Debug|Any CPU
		Release|Any CPU = Release|Any CPU
	EndGlobalSection
	GlobalSection(ProjectConfigurationPlatforms) = postSolution
		{FF869107-6CD7-4DDF-AD4F-87BD95CC4340}.Debug|Any CPU.ActiveCfg = Debug|Any CPU
		{FF869107-6CD7-4DDF-AD4F-87BD95CC4340}.Debug|Any CPU.Build.0 = Debug|Any CPU
		{FF869107-6CD7-4DDF-AD4F-87BD95CC4340}.Release|Any CPU.ActiveCfg = Release|Any CPU
		{FF869107-6CD7-4DDF-AD4F-87BD95CC4340}.Release|Any CPU.Build.0 = Release|Any CPU
	EndGlobalSection
	GlobalSection(SolutionProperties) = preSolution
		HideSolutionNode = FALSE
	EndGlobalSection
	GlobalSection(ExtensibilityGlobals) = postSolution
		SolutionGuid = {DE6F85D0-0678-43F5-9314-51747F7E0173}
	EndGlobalSection
EndGlobal
